{
  "name": "ddl-parser",
  "version": "1.0.0",
  "lockfileVersion": 2,
  "requires": true,
  "packages": {
    "": {
      "version": "1.0.0",
      "license": "ISC",
      "dependencies": {
        "esserializer": "^1.2.1"
      }
    },
    "node_modules/esserializer": {
      "version": "1.2.1",
      "resolved": "https://registry.npmjs.org/esserializer/-/esserializer-1.2.1.tgz",
      "integrity": "sha512-JC7K1KVLdRh3etCFjb5JnsLxZUbnbC9i94EGPU/MUP8x42AmSo4Mm0zzuPp6re5bnikENERcOOEUSKZExFEnsw=="
    }
  },
  "dependencies": {
    "esserializer": {
      "version": "1.2.1",
      "resolved": "https://registry.npmjs.org/esserializer/-/esserializer-1.2.1.tgz",
      "integrity": "sha512-JC7K1KVLdRh3etCFjb5JnsLxZUbnbC9i94EGPU/MUP8x42AmSo4Mm0zzuPp6re5bnikENERcOOEUSKZExFEnsw=="
    }
  }
}
